
Microsoft Visual Studio Solution File, Format Version 12.00
# Visual Studio 14
VisualStudioVersion = 14.0.25420.1
MinimumVisualStudioVersion = 10.0.40219.1
Project("{FAE04EC0-301F-11D3-BF4B-00C04F79EFBC}") = "MSLA.Server", "MSLA.Server\MSLA.Server.csproj", "{10DA1675-77D7-4CD2-8D92-1D9647C48456}"
EndProject
Project("{FAE04EC0-301F-11D3-BF4B-00C04F79EFBC}") = "MSLA.Client", "MSLA.Client\MSLA.Client.csproj", "{2258536F-600F-40A0-8BDE-0C95F5B9BAF0}"
	ProjectSection(ProjectDependencies) = postProject
		{A39F7C9E-36AB-4699-905F-DF776DE45063} = {A39F7C9E-36AB-4699-905F-DF776DE45063}
	EndProjectSection
EndProject
Project("{FAE04EC0-301F-11D3-BF4B-00C04F79EFBC}") = "MSLA_Server_TestHarness", "MSLA_Server_TestHarness\MSLA_Server_TestHarness.csproj", "{78BF33F3-EE95-479F-90CC-56F1172B80A4}"
	ProjectSection(ProjectDependencies) = postProject
		{A39F7C9E-36AB-4699-905F-DF776DE45063} = {A39F7C9E-36AB-4699-905F-DF776DE45063}
	EndProjectSection
EndProject
Project("{FAE04EC0-301F-11D3-BF4B-00C04F79EFBC}") = "MSLA.Server_WebService", "MSLA.Server_WebService\MSLA.Server_WebService.csproj", "{A39F7C9E-36AB-4699-905F-DF776DE45063}"
EndProject
Project("{FAE04EC0-301F-11D3-BF4B-00C04F79EFBC}") = "MSLA.Client_TestHarness", "MSLA.Client_TestHarness\MSLA.Client_TestHarness.csproj", "{C74DD0CF-7E43-46CF-AF48-FCE87C6C8C01}"
	ProjectSection(ProjectDependencies) = postProject
		{A39F7C9E-36AB-4699-905F-DF776DE45063} = {A39F7C9E-36AB-4699-905F-DF776DE45063}
	EndProjectSection
EndProject
Project("{FAE04EC0-301F-11D3-BF4B-00C04F79EFBC}") = "Mashreq.BO", "MSLA.Test\Mashreq.BO.csproj", "{A3A9CEBF-4F14-43B6-B4F1-1B187C927421}"
EndProject
Project("{FAE04EC0-301F-11D3-BF4B-00C04F79EFBC}") = "MSLA.WebApi", "MSLA.WebApi\MSLA.WebApi.csproj", "{7F69C9AA-EA48-4D46-A862-6EC86E40F4EF}"
EndProject
Project("{FAE04EC0-301F-11D3-BF4B-00C04F79EFBC}") = "MSLA.API", "MSLA.API\MSLA.API.csproj", "{0F5CB9AE-3612-495C-BE45-D168AED52E16}"
EndProject
Global
	GlobalSection(SolutionConfigurationPlatforms) = preSolution
		Debug|Any CPU = Debug|Any CPU
		Debug|Mixed Platforms = Debug|Mixed Platforms
		Debug|x86 = Debug|x86
		Release|Any CPU = Release|Any CPU
		Release|Mixed Platforms = Release|Mixed Platforms
		Release|x86 = Release|x86
	EndGlobalSection
	GlobalSection(ProjectConfigurationPlatforms) = postSolution
		{10DA1675-77D7-4CD2-8D92-1D9647C48456}.Debug|Any CPU.ActiveCfg = Debug|Any CPU
		{10DA1675-77D7-4CD2-8D92-1D9647C48456}.Debug|Any CPU.Build.0 = Debug|Any CPU
		{10DA1675-77D7-4CD2-8D92-1D9647C48456}.Debug|Mixed Platforms.ActiveCfg = Debug|Any CPU
		{10DA1675-77D7-4CD2-8D92-1D9647C48456}.Debug|Mixed Platforms.Build.0 = Debug|Any CPU
		{10DA1675-77D7-4CD2-8D92-1D9647C48456}.Debug|x86.ActiveCfg = Debug|Any CPU
		{10DA1675-77D7-4CD2-8D92-1D9647C48456}.Release|Any CPU.ActiveCfg = Release|Any CPU
		{10DA1675-77D7-4CD2-8D92-1D9647C48456}.Release|Any CPU.Build.0 = Release|Any CPU
		{10DA1675-77D7-4CD2-8D92-1D9647C48456}.Release|Mixed Platforms.ActiveCfg = Release|Any CPU
		{10DA1675-77D7-4CD2-8D92-1D9647C48456}.Release|Mixed Platforms.Build.0 = Release|Any CPU
		{10DA1675-77D7-4CD2-8D92-1D9647C48456}.Release|x86.ActiveCfg = Release|Any CPU
		{2258536F-600F-40A0-8BDE-0C95F5B9BAF0}.Debug|Any CPU.ActiveCfg = Debug|Any CPU
		{2258536F-600F-40A0-8BDE-0C95F5B9BAF0}.Debug|Any CPU.Build.0 = Debug|Any CPU
		{2258536F-600F-40A0-8BDE-0C95F5B9BAF0}.Debug|Mixed Platforms.ActiveCfg = Debug|Any CPU
		{2258536F-600F-40A0-8BDE-0C95F5B9BAF0}.Debug|Mixed Platforms.Build.0 = Debug|Any CPU
		{2258536F-600F-40A0-8BDE-0C95F5B9BAF0}.Debug|x86.ActiveCfg = Debug|Any CPU
		{2258536F-600F-40A0-8BDE-0C95F5B9BAF0}.Release|Any CPU.ActiveCfg = Release|Any CPU
		{2258536F-600F-40A0-8BDE-0C95F5B9BAF0}.Release|Any CPU.Build.0 = Release|Any CPU
		{2258536F-600F-40A0-8BDE-0C95F5B9BAF0}.Release|Mixed Platforms.ActiveCfg = Release|Any CPU
		{2258536F-600F-40A0-8BDE-0C95F5B9BAF0}.Release|Mixed Platforms.Build.0 = Release|Any CPU
		{2258536F-600F-40A0-8BDE-0C95F5B9BAF0}.Release|x86.ActiveCfg = Release|Any CPU
		{78BF33F3-EE95-479F-90CC-56F1172B80A4}.Debug|Any CPU.ActiveCfg = Debug|x86
		{78BF33F3-EE95-479F-90CC-56F1172B80A4}.Debug|Mixed Platforms.ActiveCfg = Debug|x86
		{78BF33F3-EE95-479F-90CC-56F1172B80A4}.Debug|Mixed Platforms.Build.0 = Debug|x86
		{78BF33F3-EE95-479F-90CC-56F1172B80A4}.Debug|x86.ActiveCfg = Debug|x86
		{78BF33F3-EE95-479F-90CC-56F1172B80A4}.Debug|x86.Build.0 = Debug|x86
		{78BF33F3-EE95-479F-90CC-56F1172B80A4}.Release|Any CPU.ActiveCfg = Release|x86
		{78BF33F3-EE95-479F-90CC-56F1172B80A4}.Release|Mixed Platforms.ActiveCfg = Release|x86
		{78BF33F3-EE95-479F-90CC-56F1172B80A4}.Release|Mixed Platforms.Build.0 = Release|x86
		{78BF33F3-EE95-479F-90CC-56F1172B80A4}.Release|x86.ActiveCfg = Release|x86
		{78BF33F3-EE95-479F-90CC-56F1172B80A4}.Release|x86.Build.0 = Release|x86
		{A39F7C9E-36AB-4699-905F-DF776DE45063}.Debug|Any CPU.ActiveCfg = Debug|Any CPU
		{A39F7C9E-36AB-4699-905F-DF776DE45063}.Debug|Any CPU.Build.0 = Debug|Any CPU
		{A39F7C9E-36AB-4699-905F-DF776DE45063}.Debug|Mixed Platforms.ActiveCfg = Debug|Any CPU
		{A39F7C9E-36AB-4699-905F-DF776DE45063}.Debug|Mixed Platforms.Build.0 = Debug|Any CPU
		{A39F7C9E-36AB-4699-905F-DF776DE45063}.Debug|x86.ActiveCfg = Debug|Any CPU
		{A39F7C9E-36AB-4699-905F-DF776DE45063}.Release|Any CPU.ActiveCfg = Release|Any CPU
		{A39F7C9E-36AB-4699-905F-DF776DE45063}.Release|Any CPU.Build.0 = Release|Any CPU
		{A39F7C9E-36AB-4699-905F-DF776DE45063}.Release|Mixed Platforms.ActiveCfg = Release|Any CPU
		{A39F7C9E-36AB-4699-905F-DF776DE45063}.Release|Mixed Platforms.Build.0 = Release|Any CPU
		{A39F7C9E-36AB-4699-905F-DF776DE45063}.Release|x86.ActiveCfg = Release|Any CPU
		{C74DD0CF-7E43-46CF-AF48-FCE87C6C8C01}.Debug|Any CPU.ActiveCfg = Debug|Any CPU
		{C74DD0CF-7E43-46CF-AF48-FCE87C6C8C01}.Debug|Any CPU.Build.0 = Debug|Any CPU
		{C74DD0CF-7E43-46CF-AF48-FCE87C6C8C01}.Debug|Mixed Platforms.ActiveCfg = Debug|Any CPU
		{C74DD0CF-7E43-46CF-AF48-FCE87C6C8C01}.Debug|Mixed Platforms.Build.0 = Debug|Any CPU
		{C74DD0CF-7E43-46CF-AF48-FCE87C6C8C01}.Debug|x86.ActiveCfg = Debug|Any CPU
		{C74DD0CF-7E43-46CF-AF48-FCE87C6C8C01}.Release|Any CPU.ActiveCfg = Release|Any CPU
		{C74DD0CF-7E43-46CF-AF48-FCE87C6C8C01}.Release|Any CPU.Build.0 = Release|Any CPU
		{C74DD0CF-7E43-46CF-AF48-FCE87C6C8C01}.Release|Mixed Platforms.ActiveCfg = Release|Any CPU
		{C74DD0CF-7E43-46CF-AF48-FCE87C6C8C01}.Release|Mixed Platforms.Build.0 = Release|Any CPU
		{C74DD0CF-7E43-46CF-AF48-FCE87C6C8C01}.Release|x86.ActiveCfg = Release|Any CPU
		{A3A9CEBF-4F14-43B6-B4F1-1B187C927421}.Debug|Any CPU.ActiveCfg = Debug|Any CPU
		{A3A9CEBF-4F14-43B6-B4F1-1B187C927421}.Debug|Any CPU.Build.0 = Debug|Any CPU
		{A3A9CEBF-4F14-43B6-B4F1-1B187C927421}.Debug|Mixed Platforms.ActiveCfg = Debug|Any CPU
		{A3A9CEBF-4F14-43B6-B4F1-1B187C927421}.Debug|Mixed Platforms.Build.0 = Debug|Any CPU
		{A3A9CEBF-4F14-43B6-B4F1-1B187C927421}.Debug|x86.ActiveCfg = Debug|Any CPU
		{A3A9CEBF-4F14-43B6-B4F1-1B187C927421}.Release|Any CPU.ActiveCfg = Release|Any CPU
		{A3A9CEBF-4F14-43B6-B4F1-1B187C927421}.Release|Any CPU.Build.0 = Release|Any CPU
		{A3A9CEBF-4F14-43B6-B4F1-1B187C927421}.Release|Mixed Platforms.ActiveCfg = Release|Any CPU
		{A3A9CEBF-4F14-43B6-B4F1-1B187C927421}.Release|Mixed Platforms.Build.0 = Release|Any CPU
		{A3A9CEBF-4F14-43B6-B4F1-1B187C927421}.Release|x86.ActiveCfg = Release|Any CPU
		{7F69C9AA-EA48-4D46-A862-6EC86E40F4EF}.Debug|Any CPU.ActiveCfg = Debug|Any CPU
		{7F69C9AA-EA48-4D46-A862-6EC86E40F4EF}.Debug|Any CPU.Build.0 = Debug|Any CPU
		{7F69C9AA-EA48-4D46-A862-6EC86E40F4EF}.Debug|Mixed Platforms.ActiveCfg = Debug|Any CPU
		{7F69C9AA-EA48-4D46-A862-6EC86E40F4EF}.Debug|Mixed Platforms.Build.0 = Debug|Any CPU
		{7F69C9AA-EA48-4D46-A862-6EC86E40F4EF}.Debug|x86.ActiveCfg = Debug|Any CPU
		{7F69C9AA-EA48-4D46-A862-6EC86E40F4EF}.Release|Any CPU.ActiveCfg = Release|Any CPU
		{7F69C9AA-EA48-4D46-A862-6EC86E40F4EF}.Release|Any CPU.Build.0 = Release|Any CPU
		{7F69C9AA-EA48-4D46-A862-6EC86E40F4EF}.Release|Mixed Platforms.ActiveCfg = Release|Any CPU
		{7F69C9AA-EA48-4D46-A862-6EC86E40F4EF}.Release|Mixed Platforms.Build.0 = Release|Any CPU
		{7F69C9AA-EA48-4D46-A862-6EC86E40F4EF}.Release|x86.ActiveCfg = Release|Any CPU
		{0F5CB9AE-3612-495C-BE45-D168AED52E16}.Debug|Any CPU.ActiveCfg = Debug|Any CPU
		{0F5CB9AE-3612-495C-BE45-D168AED52E16}.Debug|Any CPU.Build.0 = Debug|Any CPU
		{0F5CB9AE-3612-495C-BE45-D168AED52E16}.Debug|Mixed Platforms.ActiveCfg = Debug|Any CPU
		{0F5CB9AE-3612-495C-BE45-D168AED52E16}.Debug|Mixed Platforms.Build.0 = Debug|Any CPU
		{0F5CB9AE-3612-495C-BE45-D168AED52E16}.Debug|x86.ActiveCfg = Debug|Any CPU
		{0F5CB9AE-3612-495C-BE45-D168AED52E16}.Debug|x86.Build.0 = Debug|Any CPU
		{0F5CB9AE-3612-495C-BE45-D168AED52E16}.Release|Any CPU.ActiveCfg = Release|Any CPU
		{0F5CB9AE-3612-495C-BE45-D168AED52E16}.Release|Any CPU.Build.0 = Release|Any CPU
		{0F5CB9AE-3612-495C-BE45-D168AED52E16}.Release|Mixed Platforms.ActiveCfg = Release|Any CPU
		{0F5CB9AE-3612-495C-BE45-D168AED52E16}.Release|Mixed Platforms.Build.0 = Release|Any CPU
		{0F5CB9AE-3612-495C-BE45-D168AED52E16}.Release|x86.ActiveCfg = Release|Any CPU
		{0F5CB9AE-3612-495C-BE45-D168AED52E16}.Release|x86.Build.0 = Release|Any CPU
	EndGlobalSection
	GlobalSection(SolutionProperties) = preSolution
		HideSolutionNode = FALSE
	EndGlobalSection
	GlobalSection(JazzSourceControlProviderSolutionProperties) = preSolution
		SolutionIsControlled = True
		SolutionBindings = <Solution Location In Database>
	EndGlobalSection
	GlobalSection(JazzSourceControlProviderSolutionProperties) = preSolution
		SolutionIsControlled = True
		SolutionBindings = <Solution Location In Database>
	EndGlobalSection
	GlobalSection(JazzSourceControlProviderSolutionProperties) = preSolution
		SolutionIsControlled = True
		SolutionBindings = <Solution Location In Database>
	EndGlobalSection
	GlobalSection(JazzSourceControlProviderSolutionProperties) = preSolution
		SolutionIsControlled = True
		SolutionBindings = <Solution Location In Database>
	EndGlobalSection
	GlobalSection(JazzSourceControlProviderSolutionProperties) = preSolution
		SolutionIsControlled = True
		SolutionBindings = <Solution Location In Database>
	EndGlobalSection
	GlobalSection(JazzSourceControlProviderSolutionProperties) = preSolution
		SolutionIsControlled = True
		SolutionBindings = <Solution Location In Database>
	EndGlobalSection
	GlobalSection(JazzSourceControlProviderSolutionProperties) = preSolution
		SolutionIsControlled = True
		SolutionBindings = <Solution Location In Database>
	EndGlobalSection
	GlobalSection(SubversionScc) = preSolution
		Svn-Managed = True
		Manager = AnkhSVN - Subversion Support for Visual Studio
	EndGlobalSection
EndGlobal
